
Microsoft Visual Studio Solution File, Format Version 12.00
# Visual Studio Version 16
VisualStudioVersion = 16.0.30204.135
MinimumVisualStudioVersion = 10.0.40219.1
Project("{FAE04EC0-301F-11D3-BF4B-00C04F79EFBC}") = "EvalExperiments", "EvalExperiments\EvalExperiments.csproj", "{1A45A87A-AE80-416B-952D-2EC2321F945F}"
EndProject
Project("{FAE04EC0-301F-11D3-BF4B-00C04F79EFBC}") = "EvalExperiments.Common", "EvalExperiments.Common\EvalExperiments.Common.csproj", "{F93AA918-DE8D-42A8-9650-C22FC5995CBA}"
EndProject
Project("{FAE04EC0-301F-11D3-BF4B-00C04F79EFBC}") = "EvalExperiments.DynamicExpresso.UnitTests", "EvalExperiments.DynamicExpresso.UnitTests\EvalExperiments.DynamicExpresso.UnitTests.csproj", "{008DEE29-2585-4228-9FF0-8A6F6B27BF2B}"
EndProject
Project("{FAE04EC0-301F-11D3-BF4B-00C04F79EFBC}") = "EvalExperiments.CSharpScript", "EvalExperiments.CSharpScript\EvalExperiments.CSharpScript.csproj", "{C9275BE9-199C-4AC8-B3CD-7C9673A1DB0A}"
EndProject
Project("{FAE04EC0-301F-11D3-BF4B-00C04F79EFBC}") = "EvalExperiments.CSharpScript.UnitTests", "EvalExperiments.CSharpScript.UnitTests\EvalExperiments.CSharpScript.UnitTests.csproj", "{7F989D32-6ABB-4B20-9192-2A629875B58E}"
EndProject
Project("{FAE04EC0-301F-11D3-BF4B-00C04F79EFBC}") = "EvalExperiments.Roslyn", "EvalExperiments.Roslyn\EvalExperiments.Roslyn.csproj", "{D9C406EF-5028-4DA1-938D-AD979B4EA049}"
EndProject
Project("{FAE04EC0-301F-11D3-BF4B-00C04F79EFBC}") = "EvalExperiments.Roslyn.UnitTests", "EvalExperiments.Roslyn.UnitTests\EvalExperiments.Roslyn.UnitTests.csproj", "{8D9C0BC4-DC96-4222-B816-2E7FFCFA84F9}"
EndProject
Project("{FAE04EC0-301F-11D3-BF4B-00C04F79EFBC}") = "EvalExperiments.Jint", "EvalExperiments.Jint\EvalExperiments.Jint.csproj", "{365F07D6-D533-4569-9550-2D226184D430}"
EndProject
Project("{FAE04EC0-301F-11D3-BF4B-00C04F79EFBC}") = "EvalExperiments.Jint.UnitTests", "EvalExperiments.Jint.UnitTests\EvalExperiments.Jint.UnitTests.csproj", "{8FC87333-7141-4341-BC4D-4CDAA7FC11BD}"
EndProject
Global
	GlobalSection(SolutionConfigurationPlatforms) = preSolution
		Debug|Any CPU = Debug|Any CPU
		Release|Any CPU = Release|Any CPU
	EndGlobalSection
	GlobalSection(ProjectConfigurationPlatforms) = postSolution
		{1A45A87A-AE80-416B-952D-2EC2321F945F}.Debug|Any CPU.ActiveCfg = Debug|Any CPU
		{1A45A87A-AE80-416B-952D-2EC2321F945F}.Debug|Any CPU.Build.0 = Debug|Any CPU
		{1A45A87A-AE80-416B-952D-2EC2321F945F}.Release|Any CPU.ActiveCfg = Release|Any CPU
		{1A45A87A-AE80-416B-952D-2EC2321F945F}.Release|Any CPU.Build.0 = Release|Any CPU
		{F93AA918-DE8D-42A8-9650-C22FC5995CBA}.Debug|Any CPU.ActiveCfg = Debug|Any CPU
		{F93AA918-DE8D-42A8-9650-C22FC5995CBA}.Debug|Any CPU.Build.0 = Debug|Any CPU
		{F93AA918-DE8D-42A8-9650-C22FC5995CBA}.Release|Any CPU.ActiveCfg = Release|Any CPU
		{F93AA918-DE8D-42A8-9650-C22FC5995CBA}.Release|Any CPU.Build.0 = Release|Any CPU
		{008DEE29-2585-4228-9FF0-8A6F6B27BF2B}.Debug|Any CPU.ActiveCfg = Debug|Any CPU
		{008DEE29-2585-4228-9FF0-8A6F6B27BF2B}.Debug|Any CPU.Build.0 = Debug|Any CPU
		{008DEE29-2585-4228-9FF0-8A6F6B27BF2B}.Release|Any CPU.ActiveCfg = Release|Any CPU
		{008DEE29-2585-4228-9FF0-8A6F6B27BF2B}.Release|Any CPU.Build.0 = Release|Any CPU
		{C9275BE9-199C-4AC8-B3CD-7C9673A1DB0A}.Debug|Any CPU.ActiveCfg = Debug|Any CPU
		{C9275BE9-199C-4AC8-B3CD-7C9673A1DB0A}.Debug|Any CPU.Build.0 = Debug|Any CPU
		{C9275BE9-199C-4AC8-B3CD-7C9673A1DB0A}.Release|Any CPU.ActiveCfg = Release|Any CPU
		{C9275BE9-199C-4AC8-B3CD-7C9673A1DB0A}.Release|Any CPU.Build.0 = Release|Any CPU
		{7F989D32-6ABB-4B20-9192-2A629875B58E}.Debug|Any CPU.ActiveCfg = Debug|Any CPU
		{7F989D32-6ABB-4B20-9192-2A629875B58E}.Debug|Any CPU.Build.0 = Debug|Any CPU
		{7F989D32-6ABB-4B20-9192-2A629875B58E}.Release|Any CPU.ActiveCfg = Release|Any CPU
		{7F989D32-6ABB-4B20-9192-2A629875B58E}.Release|Any CPU.Build.0 = Release|Any CPU
		{D9C406EF-5028-4DA1-938D-AD979B4EA049}.Debug|Any CPU.ActiveCfg = Debug|Any CPU
		{D9C406EF-5028-4DA1-938D-AD979B4EA049}.Debug|Any CPU.Build.0 = Debug|Any CPU
		{D9C406EF-5028-4DA1-938D-AD979B4EA049}.Release|Any CPU.ActiveCfg = Release|Any CPU
		{D9C406EF-5028-4DA1-938D-AD979B4EA049}.Release|Any CPU.Build.0 = Release|Any CPU
		{8D9C0BC4-DC96-4222-B816-2E7FFCFA84F9}.Debug|Any CPU.ActiveCfg = Debug|Any CPU
		{8D9C0BC4-DC96-4222-B816-2E7FFCFA84F9}.Debug|Any CPU.Build.0 = Debug|Any CPU
		{8D9C0BC4-DC96-4222-B816-2E7FFCFA84F9}.Release|Any CPU.ActiveCfg = Release|Any CPU
		{8D9C0BC4-DC96-4222-B816-2E7FFCFA84F9}.Release|Any CPU.Build.0 = Release|Any CPU
		{365F07D6-D533-4569-9550-2D226184D430}.Debug|Any CPU.ActiveCfg = Debug|Any CPU
		{365F07D6-D533-4569-9550-2D226184D430}.Debug|Any CPU.Build.0 = Debug|Any CPU
		{365F07D6-D533-4569-9550-2D226184D430}.Release|Any CPU.ActiveCfg = Release|Any CPU
		{365F07D6-D533-4569-9550-2D226184D430}.Release|Any CPU.Build.0 = Release|Any CPU
		{8FC87333-7141-4341-BC4D-4CDAA7FC11BD}.Debug|Any CPU.ActiveCfg = Debug|Any CPU
		{8FC87333-7141-4341-BC4D-4CDAA7FC11BD}.Debug|Any CPU.Build.0 = Debug|Any CPU
		{8FC87333-7141-4341-BC4D-4CDAA7FC11BD}.Release|Any CPU.ActiveCfg = Release|Any CPU
		{8FC87333-7141-4341-BC4D-4CDAA7FC11BD}.Release|Any CPU.Build.0 = Release|Any CPU
	EndGlobalSection
	GlobalSection(SolutionProperties) = preSolution
		HideSolutionNode = FALSE
	EndGlobalSection
	GlobalSection(ExtensibilityGlobals) = postSolution
		SolutionGuid = {B63D1CBB-4B95-4676-8FE9-91663E3C43FF}
	EndGlobalSection
EndGlobal
